{
  "name": "patrykszydlowski.com",
  "version": "0.0.0-development",
  "lockfileVersion": 2,
  "requires": true,
  "packages": {
    "": {
      "name": "patrykszydlowski.com",
      "version": "0.0.0-development",
      "devDependencies": {},
      "engines": {
        "node": "18",
        "npm": "8"
      }
    }
  }
}
